// !$*UTF8*$!
{
	archiveVersion = 1;
	classes = {
	};
	objectVersion = 48;
	objects = {

/* Begin PBXBuildFile section */
		390D41E31F85B9FC004A69B8 /* SVGCommand.swift in Sources */ = {isa = PBXBuildFile; fileRef = 390D41E21F85B9FC004A69B8 /* SVGCommand.swift */; };
		390D41E51F85C403004A69B8 /* SVGLineTo.swift in Sources */ = {isa = PBXBuildFile; fileRef = 390D41E41F85C403004A69B8 /* SVGLineTo.swift */; };
		390D41E71F85C50D004A69B8 /* Point.swift in Sources */ = {isa = PBXBuildFile; fileRef = 390D41E61F85C50D004A69B8 /* Point.swift */; };
		398A00191F8473280049C805 /* main.swift in Sources */ = {isa = PBXBuildFile; fileRef = 398A00181F8473280049C805 /* main.swift */; };
		398A00221F8473720049C805 /* File.swift in Sources */ = {isa = PBXBuildFile; fileRef = 398A00211F8473720049C805 /* File.swift */; };
		398A00251F8477190049C805 /* SVGCurveSplitter.swift in Sources */ = {isa = PBXBuildFile; fileRef = 398A00241F8477190049C805 /* SVGCurveSplitter.swift */; };
		39FF006C1F86CFB500CAAEA7 /* SVGCurveTo.swift in Sources */ = {isa = PBXBuildFile; fileRef = 39FF006B1F86CFB500CAAEA7 /* SVGCurveTo.swift */; };
		39FF006E1F86D25000CAAEA7 /* SVGClose.swift in Sources */ = {isa = PBXBuildFile; fileRef = 39FF006D1F86D25000CAAEA7 /* SVGClose.swift */; };
		39FF00721F86D5D400CAAEA7 /* SVGMoveTo.swift in Sources */ = {isa = PBXBuildFile; fileRef = 39FF00711F86D5D400CAAEA7 /* SVGMoveTo.swift */; };
		39FF00741F86DDEF00CAAEA7 /* SVGCommandParser.swift in Sources */ = {isa = PBXBuildFile; fileRef = 39FF00731F86DDEF00CAAEA7 /* SVGCommandParser.swift */; };
/* End PBXBuildFile section */

/* Begin PBXCopyFilesBuildPhase section */
		398A00131F8473280049C805 /* CopyFiles */ = {
			isa = PBXCopyFilesBuildPhase;
			buildActionMask = 2147483647;
			dstPath = /usr/share/man/man1/;
			dstSubfolderSpec = 0;
			files = (
			);
			runOnlyForDeploymentPostprocessing = 1;
		};
/* End PBXCopyFilesBuildPhase section */

/* Begin PBXFileReference section */
		390D41E21F85B9FC004A69B8 /* SVGCommand.swift */ = {isa = PBXFileReference; lastKnownFileType = sourcecode.swift; path = SVGCommand.swift; sourceTree = "<group>"; };
		390D41E41F85C403004A69B8 /* SVGLineTo.swift */ = {isa = PBXFileReference; lastKnownFileType = sourcecode.swift; path = SVGLineTo.swift; sourceTree = "<group>"; };
		390D41E61F85C50D004A69B8 /* Point.swift */ = {isa = PBXFileReference; lastKnownFileType = sourcecode.swift; path = Point.swift; sourceTree = "<group>"; };
		398A00151F8473280049C805 /* SVGCurveToBezier */ = {isa = PBXFileReference; explicitFileType = "compiled.mach-o.executable"; includeInIndex = 0; path = SVGCurveToBezier; sourceTree = BUILT_PRODUCTS_DIR; };
		398A00181F8473280049C805 /* main.swift */ = {isa = PBXFileReference; lastKnownFileType = sourcecode.swift; path = main.swift; sourceTree = "<group>"; };
		398A00201F84733C0049C805 /* SVGCurve.txt */ = {isa = PBXFileReference; lastKnownFileType = text; path = SVGCurve.txt; sourceTree = "<group>"; };
		398A00211F8473720049C805 /* File.swift */ = {isa = PBXFileReference; lastKnownFileType = sourcecode.swift; path = File.swift; sourceTree = "<group>"; };
		398A00241F8477190049C805 /* SVGCurveSplitter.swift */ = {isa = PBXFileReference; lastKnownFileType = sourcecode.swift; path = SVGCurveSplitter.swift; sourceTree = "<group>"; };
		39FF006B1F86CFB500CAAEA7 /* SVGCurveTo.swift */ = {isa = PBXFileReference; lastKnownFileType = sourcecode.swift; path = SVGCurveTo.swift; sourceTree = "<group>"; };
		39FF006D1F86D25000CAAEA7 /* SVGClose.swift */ = {isa = PBXFileReference; lastKnownFileType = sourcecode.swift; path = SVGClose.swift; sourceTree = "<group>"; };
		39FF00711F86D5D400CAAEA7 /* SVGMoveTo.swift */ = {isa = PBXFileReference; lastKnownFileType = sourcecode.swift; path = SVGMoveTo.swift; sourceTree = "<group>"; };
		39FF00731F86DDEF00CAAEA7 /* SVGCommandParser.swift */ = {isa = PBXFileReference; lastKnownFileType = sourcecode.swift; path = SVGCommandParser.swift; sourceTree = "<group>"; };
/* End PBXFileReference section */

/* Begin PBXFrameworksBuildPhase section */
		398A00121F8473280049C805 /* Frameworks */ = {
			isa = PBXFrameworksBuildPhase;
			buildActionMask = 2147483647;
			files = (
			);
			runOnlyForDeploymentPostprocessing = 0;
		};
/* End PBXFrameworksBuildPhase section */

/* Begin PBXGroup section */
		398A000C1F8473280049C805 = {
			isa = PBXGroup;
			children = (
				398A00171F8473280049C805 /* SVGCurveToBezier */,
				398A00161F8473280049C805 /* Products */,
			);
			sourceTree = "<group>";
		};
		398A00161F8473280049C805 /* Products */ = {
			isa = PBXGroup;
			children = (
				398A00151F8473280049C805 /* SVGCurveToBezier */,
			);
			name = Products;
			sourceTree = "<group>";
		};
		398A00171F8473280049C805 /* SVGCurveToBezier */ = {
			isa = PBXGroup;
			children = (
				398A001F1F84732F0049C805 /* Fixtures */,
				398A00181F8473280049C805 /* main.swift */,
				398A00211F8473720049C805 /* File.swift */,
				398A00241F8477190049C805 /* SVGCurveSplitter.swift */,
				390D41E21F85B9FC004A69B8 /* SVGCommand.swift */,
				39FF00731F86DDEF00CAAEA7 /* SVGCommandParser.swift */,
				390D41E61F85C50D004A69B8 /* Point.swift */,
				39FF00711F86D5D400CAAEA7 /* SVGMoveTo.swift */,
				390D41E41F85C403004A69B8 /* SVGLineTo.swift */,
				39FF006B1F86CFB500CAAEA7 /* SVGCurveTo.swift */,
				39FF006D1F86D25000CAAEA7 /* SVGClose.swift */,
			);
			path = SVGCurveToBezier;
			sourceTree = "<group>";
		};
		398A001F1F84732F0049C805 /* Fixtures */ = {
			isa = PBXGroup;
			children = (
				398A00201F84733C0049C805 /* SVGCurve.txt */,
			);
			path = Fixtures;
			sourceTree = "<group>";
		};
/* End PBXGroup section */

/* Begin PBXNativeTarget section */
		398A00141F8473280049C805 /* SVGCurveToBezier */ = {
			isa = PBXNativeTarget;
			buildConfigurationList = 398A001C1F8473280049C805 /* Build configuration list for PBXNativeTarget "SVGCurveToBezier" */;
			buildPhases = (
				398A00111F8473280049C805 /* Sources */,
				398A00121F8473280049C805 /* Frameworks */,
				398A00131F8473280049C805 /* CopyFiles */,
			);
			buildRules = (
			);
			dependencies = (
			);
			name = SVGCurveToBezier;
			productName = SVGCurveToBezier;
			productReference = 398A00151F8473280049C805 /* SVGCurveToBezier */;
			productType = "com.apple.product-type.tool";
		};
/* End PBXNativeTarget section */

/* Begin PBXProject section */
		398A000D1F8473280049C805 /* Project object */ = {
			isa = PBXProject;
			attributes = {
				LastSwiftUpdateCheck = 0900;
				LastUpgradeCheck = 0900;
				ORGANIZATIONNAME = "Edward Loveall";
				TargetAttributes = {
					398A00141F8473280049C805 = {
						CreatedOnToolsVersion = 9.0;
						ProvisioningStyle = Automatic;
					};
				};
			};
			buildConfigurationList = 398A00101F8473280049C805 /* Build configuration list for PBXProject "SVGCurveToBezier" */;
			compatibilityVersion = "Xcode 8.0";
			developmentRegion = en;
			hasScannedForEncodings = 0;
			knownRegions = (
				en,
			);
			mainGroup = 398A000C1F8473280049C805;
			productRefGroup = 398A00161F8473280049C805 /* Products */;
			projectDirPath = "";
			projectRoot = "";
			targets = (
				398A00141F8473280049C805 /* SVGCurveToBezier */,
			);
		};
/* End PBXProject section */

/* Begin PBXSourcesBuildPhase section */
		398A00111F8473280049C805 /* Sources */ = {
			isa = PBXSourcesBuildPhase;
			buildActionMask = 2147483647;
			files = (
				39FF00721F86D5D400CAAEA7 /* SVGMoveTo.swift in Sources */,
				398A00191F8473280049C805 /* main.swift in Sources */,
				398A00251F8477190049C805 /* SVGCurveSplitter.swift in Sources */,
				390D41E71F85C50D004A69B8 /* Point.swift in Sources */,
				390D41E51F85C403004A69B8 /* SVGLineTo.swift in Sources */,
				39FF00741F86DDEF00CAAEA7 /* SVGCommandParser.swift in Sources */,
				390D41E31F85B9FC004A69B8 /* SVGCommand.swift in Sources */,
				39FF006C1F86CFB500CAAEA7 /* SVGCurveTo.swift in Sources */,
				398A00221F8473720049C805 /* File.swift in Sources */,
				39FF006E1F86D25000CAAEA7 /* SVGClose.swift in Sources */,
			);
			runOnlyForDeploymentPostprocessing = 0;
		};
/* End PBXSourcesBuildPhase section */

/* Begin XCBuildConfiguration section */
		398A001A1F8473280049C805 /* Debug */ = {
			isa = XCBuildConfiguration;
			buildSettings = {
				ALWAYS_SEARCH_USER_PATHS = NO;
				CLANG_ANALYZER_NONNULL = YES;
				CLANG_ANALYZER_NUMBER_OBJECT_CONVERSION = YES_AGGRESSIVE;
				CLANG_CXX_LANGUAGE_STANDARD = "gnu++14";
				CLANG_CXX_LIBRARY = "libc++";
				CLANG_ENABLE_MODULES = YES;
				CLANG_ENABLE_OBJC_ARC = YES;
				CLANG_WARN_BLOCK_CAPTURE_AUTORELEASING = YES;
				CLANG_WARN_BOOL_CONVERSION = YES;
				CLANG_WARN_COMMA = YES;
				CLANG_WARN_CONSTANT_CONVERSION = YES;
				CLANG_WARN_DIRECT_OBJC_ISA_USAGE = YES_ERROR;
				CLANG_WARN_DOCUMENTATION_COMMENTS = YES;
				CLANG_WARN_EMPTY_BODY = YES;
				CLANG_WARN_ENUM_CONVERSION = YES;
				CLANG_WARN_INFINITE_RECURSION = YES;
				CLANG_WARN_INT_CONVERSION = YES;
				CLANG_WARN_NON_LITERAL_NULL_CONVERSION = YES;
				CLANG_WARN_OBJC_LITERAL_CONVERSION = YES;
				CLANG_WARN_OBJC_ROOT_CLASS = YES_ERROR;
				CLANG_WARN_RANGE_LOOP_ANALYSIS = YES;
				CLANG_WARN_STRICT_PROTOTYPES = YES;
				CLANG_WARN_SUSPICIOUS_MOVE = YES;
				CLANG_WARN_UNGUARDED_AVAILABILITY = YES_AGGRESSIVE;
				CLANG_WARN_UNREACHABLE_CODE = YES;
				CLANG_WARN__DUPLICATE_METHOD_MATCH = YES;
				CODE_SIGN_IDENTITY = "Mac Developer";
				COPY_PHASE_STRIP = NO;
				DEBUG_INFORMATION_FORMAT = dwarf;
				ENABLE_STRICT_OBJC_MSGSEND = YES;
				ENABLE_TESTABILITY = YES;
				GCC_C_LANGUAGE_STANDARD = gnu11;
				GCC_DYNAMIC_NO_PIC = NO;
				GCC_NO_COMMON_BLOCKS = YES;
				GCC_OPTIMIZATION_LEVEL = 0;
				GCC_PREPROCESSOR_DEFINITIONS = (
					"DEBUG=1",
					"$(inherited)",
				);
				GCC_WARN_64_TO_32_BIT_CONVERSION = YES;
				GCC_WARN_ABOUT_RETURN_TYPE = YES_ERROR;
				GCC_WARN_UNDECLARED_SELECTOR = YES;
				GCC_WARN_UNINITIALIZED_AUTOS = YES_AGGRESSIVE;
				GCC_WARN_UNUSED_FUNCTION = YES;
				GCC_WARN_UNUSED_VARIABLE = YES;
				MACOSX_DEPLOYMENT_TARGET = 10.12;
				MTL_ENABLE_DEBUG_INFO = YES;
				ONLY_ACTIVE_ARCH = YES;
				SDKROOT = macosx;
				SWIFT_ACTIVE_COMPILATION_CONDITIONS = DEBUG;
				SWIFT_OPTIMIZATION_LEVEL = "-Onone";
			};
			name = Debug;
		};
		398A001B1F8473280049C805 /* Release */ = {
			isa = XCBuildConfiguration;
			buildSettings = {
				ALWAYS_SEARCH_USER_PATHS = NO;
				CLANG_ANALYZER_NONNULL = YES;
				CLANG_ANALYZER_NUMBER_OBJECT_CONVERSION = YES_AGGRESSIVE;
				CLANG_CXX_LANGUAGE_STANDARD = "gnu++14";
				CLANG_CXX_LIBRARY = "libc++";
				CLANG_ENABLE_MODULES = YES;
				CLANG_ENABLE_OBJC_ARC = YES;
				CLANG_WARN_BLOCK_CAPTURE_AUTORELEASING = YES;
				CLANG_WARN_BOOL_CONVERSION = YES;
				CLANG_WARN_COMMA = YES;
				CLANG_WARN_CONSTANT_CONVERSION = YES;
				CLANG_WARN_DIRECT_OBJC_ISA_USAGE = YES_ERROR;
				CLANG_WARN_DOCUMENTATION_COMMENTS = YES;
				CLANG_WARN_EMPTY_BODY = YES;
				CLANG_WARN_ENUM_CONVERSION = YES;
				CLANG_WARN_INFINITE_RECURSION = YES;
				CLANG_WARN_INT_CONVERSION = YES;
				CLANG_WARN_NON_LITERAL_NULL_CONVERSION = YES;
				CLANG_WARN_OBJC_LITERAL_CONVERSION = YES;
				CLANG_WARN_OBJC_ROOT_CLASS = YES_ERROR;
				CLANG_WARN_RANGE_LOOP_ANALYSIS = YES;
				CLANG_WARN_STRICT_PROTOTYPES = YES;
				CLANG_WARN_SUSPICIOUS_MOVE = YES;
				CLANG_WARN_UNGUARDED_AVAILABILITY = YES_AGGRESSIVE;
				CLANG_WARN_UNREACHABLE_CODE = YES;
				CLANG_WARN__DUPLICATE_METHOD_MATCH = YES;
				CODE_SIGN_IDENTITY = "Mac Developer";
				COPY_PHASE_STRIP = NO;
				DEBUG_INFORMATION_FORMAT = "dwarf-with-dsym";
				ENABLE_NS_ASSERTIONS = NO;
				ENABLE_STRICT_OBJC_MSGSEND = YES;
				GCC_C_LANGUAGE_STANDARD = gnu11;
				GCC_NO_COMMON_BLOCKS = YES;
				GCC_WARN_64_TO_32_BIT_CONVERSION = YES;
				GCC_WARN_ABOUT_RETURN_TYPE = YES_ERROR;
				GCC_WARN_UNDECLARED_SELECTOR = YES;
				GCC_WARN_UNINITIALIZED_AUTOS = YES_AGGRESSIVE;
				GCC_WARN_UNUSED_FUNCTION = YES;
				GCC_WARN_UNUSED_VARIABLE = YES;
				MACOSX_DEPLOYMENT_TARGET = 10.12;
				MTL_ENABLE_DEBUG_INFO = NO;
				SDKROOT = macosx;
				SWIFT_OPTIMIZATION_LEVEL = "-Owholemodule";
			};
			name = Release;
		};
		398A001D1F8473280049C805 /* Debug */ = {
			isa = XCBuildConfiguration;
			buildSettings = {
				CODE_SIGN_STYLE = Automatic;
				DEVELOPMENT_TEAM = 365N6VLRMF;
				PRODUCT_NAME = "$(TARGET_NAME)";
				SWIFT_VERSION = 4.0;
			};
			name = Debug;
		};
		398A001E1F8473280049C805 /* Release */ = {
			isa = XCBuildConfiguration;
			buildSettings = {
				CODE_SIGN_STYLE = Automatic;
				DEVELOPMENT_TEAM = 365N6VLRMF;
				PRODUCT_NAME = "$(TARGET_NAME)";
				SWIFT_VERSION = 4.0;
			};
			name = Release;
		};
/* End XCBuildConfiguration section */

/* Begin XCConfigurationList section */
		398A00101F8473280049C805 /* Build configuration list for PBXProject "SVGCurveToBezier" */ = {
			isa = XCConfigurationList;
			buildConfigurations = (
				398A001A1F8473280049C805 /* Debug */,
				398A001B1F8473280049C805 /* Release */,
			);
			defaultConfigurationIsVisible = 0;
			defaultConfigurationName = Release;
		};
		398A001C1F8473280049C805 /* Build configuration list for PBXNativeTarget "SVGCurveToBezier" */ = {
			isa = XCConfigurationList;
			buildConfigurations = (
				398A001D1F8473280049C805 /* Debug */,
				398A001E1F8473280049C805 /* Release */,
			);
			defaultConfigurationIsVisible = 0;
			defaultConfigurationName = Release;
		};
/* End XCConfigurationList section */
	};
	rootObject = 398A000D1F8473280049C805 /* Project object */;
}
